Microsoft Visual Studio Solution File, Format Version 10.00
# Visual Studio 2008
Project("{FAE04EC0-301F-11D3-BF4B-00C04F79EFBC}") = "SMM_Trim_AVIVS2008", "Trim_AVI\SMM_Trim_AVIVS2008.csproj", "{5CE18229-1806-4138-899F-30B8EC86BD56}"
EndProject
Project("{FAE04EC0-301F-11D3-BF4B-00C04F79EFBC}") = "SMM_Trim_ASFVS2008", "Trim_ASF\SMM_Trim_ASFVS2008.csproj", "{09A33D40-778D-47B5-916C-D5ABF3AFEC86}"
EndProject
Project("{FAE04EC0-301F-11D3-BF4B-00C04F79EFBC}") = "SMM_Trim_AVCHDVS2008", "Trim_AVCHD\SMM_Trim_AVCHDVS2008.csproj", "{CA818C07-05D3-4EB2-B8B6-03E6C5274D67}"
EndProject
Project("{FAE04EC0-301F-11D3-BF4B-00C04F79EFBC}") = "SMM_Trim_MKVVS2008", "Trim_MKV\SMM_Trim_MKVVS2008.csproj", "{237D87A6-D8FD-4E06-AAEB-ECF9CBC65E2A}"
EndProject
Project("{FAE04EC0-301F-11D3-BF4B-00C04F79EFBC}") = "SMM_Trim_MOVVS2008", "Trim_MOV\SMM_Trim_MOVVS2008.csproj", "{C22E5D56-CAB2-4E94-A314-A2299ACC4176}"
EndProject
Project("{FAE04EC0-301F-11D3-BF4B-00C04F79EFBC}") = "SMM_Trim_MP3VS2008", "Trim_MP3\SMM_Trim_MP3VS2008.csproj", "{E04D85B5-121E-44E0-BAF1-0836A2ADA229}"
EndProject
Project("{FAE04EC0-301F-11D3-BF4B-00C04F79EFBC}") = "SMM_Trim_MP4VS2008", "Trim_MP4\SMM_Trim_MP4VS2008.csproj", "{5EA51AEB-4C15-49FB-94F5-7C665BE07F1C}"
EndProject
Project("{FAE04EC0-301F-11D3-BF4B-00C04F79EFBC}") = "SMM_Trim_MPEG1VS2008", "Trim_MPEG1\SMM_Trim_MPEG1VS2008.csproj", "{56C9646A-6706-464B-A14E-2C4CF36CF283}"
EndProject
Project("{FAE04EC0-301F-11D3-BF4B-00C04F79EFBC}") = "SMM_Trim_MPEG2VS2008", "Trim_MPEG2\SMM_Trim_MPEG2VS2008.csproj", "{68050D1C-76A5-4EA5-B3F1-F27F0D31CA90}"
EndProject
Project("{FAE04EC0-301F-11D3-BF4B-00C04F79EFBC}") = "SMM_Trim_WAVVS2008", "Trim_WAV\SMM_Trim_WAVVS2008.csproj", "{C6CAEB61-084D-4938-A0EB-DAC49DC5C65B}"
EndProject
Project("{FAE04EC0-301F-11D3-BF4B-00C04F79EFBC}") = "SMM_Trim_WMAVS2008", "Trim_WMA\SMM_Trim_WMAVS2008.csproj", "{26700548-D89B-4DF3-89CB-DA869BB6749E}"
EndProject
Project("{FAE04EC0-301F-11D3-BF4B-00C04F79EFBC}") = "SMM_Join_ASFVS2008", "Join_ASF\SMM_Join_ASFVS2008.csproj", "{2501031B-6F33-4CED-B2DB-76A4D3291B87}"
EndProject
Project("{FAE04EC0-301F-11D3-BF4B-00C04F79EFBC}") = "SMM_Join_AVCHDVS2008", "Join_AVCHD\SMM_Join_AVCHDVS2008.csproj", "{0679CE8C-C2D7-4C80-868F-A93028345BB9}"
EndProject
Project("{FAE04EC0-301F-11D3-BF4B-00C04F79EFBC}") = "SMM_Join_AVIVS2008", "Join_AVI\SMM_Join_AVIVS2008.csproj", "{88E5D459-B49E-4C89-8578-A504FE605382}"
EndProject
Project("{FAE04EC0-301F-11D3-BF4B-00C04F79EFBC}") = "SMM_Join_MKVVS2008", "Join_MKV\SMM_Join_MKVVS2008.csproj", "{E83A2A96-BFF5-462F-8474-1773A4D55FE0}"
EndProject
Project("{FAE04EC0-301F-11D3-BF4B-00C04F79EFBC}") = "SMM_Join_MOVVS2008", "Join_MOV\SMM_Join_MOVVS2008.csproj", "{6E1F5561-0515-4A82-ADDF-691338D943EB}"
EndProject
Project("{FAE04EC0-301F-11D3-BF4B-00C04F79EFBC}") = "SMM_Join_MP3VS2008", "Join_MP3\SMM_Join_MP3VS2008.csproj", "{6AA0CE56-6DAA-4D00-BC1C-1380ACE81BBE}"
EndProject
Project("{FAE04EC0-301F-11D3-BF4B-00C04F79EFBC}") = "SMM_Join_MP4VS2008", "Join_MP4\SMM_Join_MP4VS2008.csproj", "{8E1E2C53-0401-4895-A3F2-7B1ED62E3F1C}"
EndProject
Project("{FAE04EC0-301F-11D3-BF4B-00C04F79EFBC}") = "SMM_Join_MPEG1VS2008", "Join_MPEG1\SMM_Join_MPEG1VS2008.csproj", "{95F52B5B-F09C-4B30-B7A8-4BD5EEA445D0}"
EndProject
Project("{FAE04EC0-301F-11D3-BF4B-00C04F79EFBC}") = "SMM_Join_MPEG2VS2008", "Join_MPEG2\SMM_Join_MPEG2VS2008.csproj", "{9E29D574-80CE-48B5-BD12-382CB2A3AC49}"
EndProject
Project("{FAE04EC0-301F-11D3-BF4B-00C04F79EFBC}") = "SMM_Join_WAVVS2008", "Join_WAV\SMM_Join_WAVVS2008.csproj", "{7BBB7FD3-64F4-49DB-B88E-83325E7FAC97}"
EndProject
Project("{FAE04EC0-301F-11D3-BF4B-00C04F79EFBC}") = "SMM_Join_WMAVS2008", "Join_WMA\SMM_Join_WMAVS2008.csproj", "{2723BE1B-FC72-4525-8A84-180778F7DBE6}"
EndProject
Project("{FAE04EC0-301F-11D3-BF4B-00C04F79EFBC}") = "SMM_BMPToAviVS2008", "BMP to AVI utility\SMM_BMPToAviVS2008.csproj", "{3AF8D5B9-BF5B-432F-8115-006772EAE392}"
EndProject
Global
	GlobalSection(SolutionConfigurationPlatforms) = preSolution
		Debug|x86 = Debug|x86
		Release|x86 = Release|x86
	EndGlobalSection
	GlobalSection(ProjectConfigurationPlatforms) = postSolution
		{5CE18229-1806-4138-899F-30B8EC86BD56}.Debug|x86.ActiveCfg = Debug|x86
		{5CE18229-1806-4138-899F-30B8EC86BD56}.Debug|x86.Build.0 = Debug|x86
		{5CE18229-1806-4138-899F-30B8EC86BD56}.Release|x86.ActiveCfg = Release|x86
		{5CE18229-1806-4138-899F-30B8EC86BD56}.Release|x86.Build.0 = Release|x86
		{09A33D40-778D-47B5-916C-D5ABF3AFEC86}.Debug|x86.ActiveCfg = Debug|x86
		{09A33D40-778D-47B5-916C-D5ABF3AFEC86}.Debug|x86.Build.0 = Debug|x86
		{09A33D40-778D-47B5-916C-D5ABF3AFEC86}.Release|x86.ActiveCfg = Release|x86
		{09A33D40-778D-47B5-916C-D5ABF3AFEC86}.Release|x86.Build.0 = Release|x86
		{CA818C07-05D3-4EB2-B8B6-03E6C5274D67}.Debug|x86.ActiveCfg = Debug|x86
		{CA818C07-05D3-4EB2-B8B6-03E6C5274D67}.Debug|x86.Build.0 = Debug|x86
		{CA818C07-05D3-4EB2-B8B6-03E6C5274D67}.Release|x86.ActiveCfg = Release|x86
		{CA818C07-05D3-4EB2-B8B6-03E6C5274D67}.Release|x86.Build.0 = Release|x86
		{237D87A6-D8FD-4E06-AAEB-ECF9CBC65E2A}.Debug|x86.ActiveCfg = Debug|x86
		{237D87A6-D8FD-4E06-AAEB-ECF9CBC65E2A}.Debug|x86.Build.0 = Debug|x86
		{237D87A6-D8FD-4E06-AAEB-ECF9CBC65E2A}.Release|x86.ActiveCfg = Release|x86
		{237D87A6-D8FD-4E06-AAEB-ECF9CBC65E2A}.Release|x86.Build.0 = Release|x86
		{C22E5D56-CAB2-4E94-A314-A2299ACC4176}.Debug|x86.ActiveCfg = Debug|x86
		{C22E5D56-CAB2-4E94-A314-A2299ACC4176}.Debug|x86.Build.0 = Debug|x86
		{C22E5D56-CAB2-4E94-A314-A2299ACC4176}.Release|x86.ActiveCfg = Release|x86
		{C22E5D56-CAB2-4E94-A314-A2299ACC4176}.Release|x86.Build.0 = Release|x86
		{E04D85B5-121E-44E0-BAF1-0836A2ADA229}.Debug|x86.ActiveCfg = Debug|x86
		{E04D85B5-121E-44E0-BAF1-0836A2ADA229}.Debug|x86.Build.0 = Debug|x86
		{E04D85B5-121E-44E0-BAF1-0836A2ADA229}.Release|x86.ActiveCfg = Release|x86
		{E04D85B5-121E-44E0-BAF1-0836A2ADA229}.Release|x86.Build.0 = Release|x86
		{5EA51AEB-4C15-49FB-94F5-7C665BE07F1C}.Debug|x86.ActiveCfg = Debug|x86
		{5EA51AEB-4C15-49FB-94F5-7C665BE07F1C}.Debug|x86.Build.0 = Debug|x86
		{5EA51AEB-4C15-49FB-94F5-7C665BE07F1C}.Release|x86.ActiveCfg = Release|x86
		{5EA51AEB-4C15-49FB-94F5-7C665BE07F1C}.Release|x86.Build.0 = Release|x86
		{56C9646A-6706-464B-A14E-2C4CF36CF283}.Debug|x86.ActiveCfg = Debug|x86
		{56C9646A-6706-464B-A14E-2C4CF36CF283}.Debug|x86.Build.0 = Debug|x86
		{56C9646A-6706-464B-A14E-2C4CF36CF283}.Release|x86.ActiveCfg = Release|x86
		{56C9646A-6706-464B-A14E-2C4CF36CF283}.Release|x86.Build.0 = Release|x86
		{68050D1C-76A5-4EA5-B3F1-F27F0D31CA90}.Debug|x86.ActiveCfg = Debug|x86
		{68050D1C-76A5-4EA5-B3F1-F27F0D31CA90}.Debug|x86.Build.0 = Debug|x86
		{68050D1C-76A5-4EA5-B3F1-F27F0D31CA90}.Release|x86.ActiveCfg = Release|x86
		{68050D1C-76A5-4EA5-B3F1-F27F0D31CA90}.Release|x86.Build.0 = Release|x86
		{C6CAEB61-084D-4938-A0EB-DAC49DC5C65B}.Debug|x86.ActiveCfg = Debug|x86
		{C6CAEB61-084D-4938-A0EB-DAC49DC5C65B}.Debug|x86.Build.0 = Debug|x86
		{C6CAEB61-084D-4938-A0EB-DAC49DC5C65B}.Release|x86.ActiveCfg = Release|x86
		{C6CAEB61-084D-4938-A0EB-DAC49DC5C65B}.Release|x86.Build.0 = Release|x86
		{26700548-D89B-4DF3-89CB-DA869BB6749E}.Debug|x86.ActiveCfg = Debug|x86
		{26700548-D89B-4DF3-89CB-DA869BB6749E}.Debug|x86.Build.0 = Debug|x86
		{26700548-D89B-4DF3-89CB-DA869BB6749E}.Release|x86.ActiveCfg = Release|x86
		{26700548-D89B-4DF3-89CB-DA869BB6749E}.Release|x86.Build.0 = Release|x86
		{2501031B-6F33-4CED-B2DB-76A4D3291B87}.Debug|x86.ActiveCfg = Debug|x86
		{2501031B-6F33-4CED-B2DB-76A4D3291B87}.Debug|x86.Build.0 = Debug|x86
		{2501031B-6F33-4CED-B2DB-76A4D3291B87}.Release|x86.ActiveCfg = Release|x86
		{2501031B-6F33-4CED-B2DB-76A4D3291B87}.Release|x86.Build.0 = Release|x86
		{0679CE8C-C2D7-4C80-868F-A93028345BB9}.Debug|x86.ActiveCfg = Debug|x86
		{0679CE8C-C2D7-4C80-868F-A93028345BB9}.Debug|x86.Build.0 = Debug|x86
		{0679CE8C-C2D7-4C80-868F-A93028345BB9}.Release|x86.ActiveCfg = Release|x86
		{0679CE8C-C2D7-4C80-868F-A93028345BB9}.Release|x86.Build.0 = Release|x86
		{88E5D459-B49E-4C89-8578-A504FE605382}.Debug|x86.ActiveCfg = Debug|x86
		{88E5D459-B49E-4C89-8578-A504FE605382}.Debug|x86.Build.0 = Debug|x86
		{88E5D459-B49E-4C89-8578-A504FE605382}.Release|x86.ActiveCfg = Release|x86
		{88E5D459-B49E-4C89-8578-A504FE605382}.Release|x86.Build.0 = Release|x86
		{E83A2A96-BFF5-462F-8474-1773A4D55FE0}.Debug|x86.ActiveCfg = Debug|x86
		{E83A2A96-BFF5-462F-8474-1773A4D55FE0}.Debug|x86.Build.0 = Debug|x86
		{E83A2A96-BFF5-462F-8474-1773A4D55FE0}.Release|x86.ActiveCfg = Release|x86
		{E83A2A96-BFF5-462F-8474-1773A4D55FE0}.Release|x86.Build.0 = Release|x86
		{6E1F5561-0515-4A82-ADDF-691338D943EB}.Debug|x86.ActiveCfg = Debug|x86
		{6E1F5561-0515-4A82-ADDF-691338D943EB}.Debug|x86.Build.0 = Debug|x86
		{6E1F5561-0515-4A82-ADDF-691338D943EB}.Release|x86.ActiveCfg = Release|x86
		{6E1F5561-0515-4A82-ADDF-691338D943EB}.Release|x86.Build.0 = Release|x86
		{6AA0CE56-6DAA-4D00-BC1C-1380ACE81BBE}.Debug|x86.ActiveCfg = Debug|x86
		{6AA0CE56-6DAA-4D00-BC1C-1380ACE81BBE}.Debug|x86.Build.0 = Debug|x86
		{6AA0CE56-6DAA-4D00-BC1C-1380ACE81BBE}.Release|x86.ActiveCfg = Release|x86
		{6AA0CE56-6DAA-4D00-BC1C-1380ACE81BBE}.Release|x86.Build.0 = Release|x86
		{8E1E2C53-0401-4895-A3F2-7B1ED62E3F1C}.Debug|x86.ActiveCfg = Debug|x86
		{8E1E2C53-0401-4895-A3F2-7B1ED62E3F1C}.Debug|x86.Build.0 = Debug|x86
		{8E1E2C53-0401-4895-A3F2-7B1ED62E3F1C}.Release|x86.ActiveCfg = Release|x86
		{8E1E2C53-0401-4895-A3F2-7B1ED62E3F1C}.Release|x86.Build.0 = Release|x86
		{95F52B5B-F09C-4B30-B7A8-4BD5EEA445D0}.Debug|x86.ActiveCfg = Debug|x86
		{95F52B5B-F09C-4B30-B7A8-4BD5EEA445D0}.Debug|x86.Build.0 = Debug|x86
		{95F52B5B-F09C-4B30-B7A8-4BD5EEA445D0}.Release|x86.ActiveCfg = Release|x86
		{95F52B5B-F09C-4B30-B7A8-4BD5EEA445D0}.Release|x86.Build.0 = Release|x86
		{9E29D574-80CE-48B5-BD12-382CB2A3AC49}.Debug|x86.ActiveCfg = Debug|x86
		{9E29D574-80CE-48B5-BD12-382CB2A3AC49}.Debug|x86.Build.0 = Debug|x86
		{9E29D574-80CE-48B5-BD12-382CB2A3AC49}.Release|x86.ActiveCfg = Release|x86
		{9E29D574-80CE-48B5-BD12-382CB2A3AC49}.Release|x86.Build.0 = Release|x86
		{7BBB7FD3-64F4-49DB-B88E-83325E7FAC97}.Debug|x86.ActiveCfg = Debug|x86
		{7BBB7FD3-64F4-49DB-B88E-83325E7FAC97}.Debug|x86.Build.0 = Debug|x86
		{7BBB7FD3-64F4-49DB-B88E-83325E7FAC97}.Release|x86.ActiveCfg = Release|x86
		{7BBB7FD3-64F4-49DB-B88E-83325E7FAC97}.Release|x86.Build.0 = Release|x86
		{2723BE1B-FC72-4525-8A84-180778F7DBE6}.Debug|x86.ActiveCfg = Debug|x86
		{2723BE1B-FC72-4525-8A84-180778F7DBE6}.Debug|x86.Build.0 = Debug|x86
		{2723BE1B-FC72-4525-8A84-180778F7DBE6}.Release|x86.ActiveCfg = Release|x86
		{2723BE1B-FC72-4525-8A84-180778F7DBE6}.Release|x86.Build.0 = Release|x86
		{3AF8D5B9-BF5B-432F-8115-006772EAE392}.Debug|x86.ActiveCfg = Debug|x86
		{3AF8D5B9-BF5B-432F-8115-006772EAE392}.Debug|x86.Build.0 = Debug|x86
		{3AF8D5B9-BF5B-432F-8115-006772EAE392}.Release|x86.ActiveCfg = Release|x86
		{3AF8D5B9-BF5B-432F-8115-006772EAE392}.Release|x86.Build.0 = Release|x86
	EndGlobalSection
	GlobalSection(SolutionProperties) = preSolution
		HideSolutionNode = FALSE
	EndGlobalSection
EndGlobal
