Microsoft Visual Studio Solution File, Format Version 8.00
Project("{8BC9CEB8-8B4A-11D0-8D11-00A0C91BC942}") = "SMM_BatchSplitter_App", "BatchSplit\BatchSplit.vcproj", "{4B0D38F2-750A-4E7B-8939-56455A1F3A87}"
	ProjectSection(ProjectDependencies) = postProject
	EndProjectSection
EndProject
Project("{8BC9CEB8-8B4A-11D0-8D11-00A0C91BC942}") = "SMM_BmpToAvi", "BMPToAVIdll\BmpToAvi.vcproj", "{91EB49F9-3A2A-4620-967B-212E95D59BCD}"
	ProjectSection(ProjectDependencies) = postProject
	EndProjectSection
EndProject
Project("{8BC9CEB8-8B4A-11D0-8D11-00A0C91BC942}") = "SMM_DShowAVITrim", "DShowTrim\DShowTrim.vcproj", "{A08D18C5-9D52-4BCB-A661-6B73BD0DCC25}"
	ProjectSection(ProjectDependencies) = postProject
	EndProjectSection
EndProject
Project("{8BC9CEB8-8B4A-11D0-8D11-00A0C91BC942}") = "SMM_ASFMarkers", "ASFMarkers\ASFMarkers.vcproj", "{4B0D38F2-750A-4E7B-8939-56455A1F3A87}"
	ProjectSection(ProjectDependencies) = postProject
	EndProjectSection
EndProject
Project("{8BC9CEB8-8B4A-11D0-8D11-00A0C91BC942}") = "SMM_Trim_ASF", "Trim_ASF\SMM_Trim_ASF.vcproj", "{5150FEE4-D3E4-40B2-927E-F7AB11BDF796}"
	ProjectSection(ProjectDependencies) = postProject
	EndProjectSection
EndProject
Project("{8BC9CEB8-8B4A-11D0-8D11-00A0C91BC942}") = "SMM_Trim_AVCHD", "Trim_AVCHD\SMM_Trim_AVCHD.vcproj", "{72B3C5A7-1FF5-4B62-A9D5-10B5AD870ABD}"
	ProjectSection(ProjectDependencies) = postProject
	EndProjectSection
EndProject
Project("{8BC9CEB8-8B4A-11D0-8D11-00A0C91BC942}") = "SMM_Trim_AVI", "Trim_AVI\SMM_Trim_AVI.vcproj", "{5150FEE4-D3E4-40B2-927E-F7AB11BDF796}"
	ProjectSection(ProjectDependencies) = postProject
	EndProjectSection
EndProject
Project("{8BC9CEB8-8B4A-11D0-8D11-00A0C91BC942}") = "SMM_Trim_MKV", "Trim_MKV\SMM_Trim_MKV.vcproj", "{5150FEE4-D3E4-40B2-927E-F7AB11BDF796}"
	ProjectSection(ProjectDependencies) = postProject
	EndProjectSection
EndProject
Project("{8BC9CEB8-8B4A-11D0-8D11-00A0C91BC942}") = "SMM_Trim_MP3", "Trim_MP3\SMM_Trim_MP3.vcproj", "{AF5FABCE-110D-4942-AE25-43894EBF0168}"
	ProjectSection(ProjectDependencies) = postProject
	EndProjectSection
EndProject
Project("{8BC9CEB8-8B4A-11D0-8D11-00A0C91BC942}") = "SMM_Trim_MP4", "Trim_MP4\SMM_Trim_MP4.vcproj", "{72B3C5A7-1FF5-4B62-A9D5-10B5AD870ABD}"
	ProjectSection(ProjectDependencies) = postProject
	EndProjectSection
EndProject
Project("{8BC9CEB8-8B4A-11D0-8D11-00A0C91BC942}") = "SMM_Trim_MPEG1", "Trim_MPEG1\SMM_Trim_MPEG1.vcproj", "{72B3C5A7-1FF5-4B62-A9D5-10B5AD870ABD}"
	ProjectSection(ProjectDependencies) = postProject
	EndProjectSection
EndProject
Project("{8BC9CEB8-8B4A-11D0-8D11-00A0C91BC942}") = "SMM_Trim_MPEG2", "Trim_MPEG2\SMM_Trim_MPEG2.vcproj", "{72B3C5A7-1FF5-4B62-A9D5-10B5AD870ABD}"
	ProjectSection(ProjectDependencies) = postProject
	EndProjectSection
EndProject
Project("{8BC9CEB8-8B4A-11D0-8D11-00A0C91BC942}") = "SMM_Trim_WMA", "Trim_WMA\SMM_Trim_WMA.vcproj", "{AF5FABCE-110D-4942-AE25-43894EBF0168}"
	ProjectSection(ProjectDependencies) = postProject
	EndProjectSection
EndProject
Project("{8BC9CEB8-8B4A-11D0-8D11-00A0C91BC942}") = "SMM_Trim_WAV", "Trim_WAV\SMM_Trim_WAV.vcproj", "{AF5FABCE-110D-4942-AE25-43894EBF0168}"
	ProjectSection(ProjectDependencies) = postProject
	EndProjectSection
EndProject
Project("{8BC9CEB8-8B4A-11D0-8D11-00A0C91BC942}") = "SMM_Trim_MOV", "Trim_MOV\SMM_Trim_MOV.vcproj", "{72B3C5A7-1FF5-4B62-A9D5-10B5AD870ABD}"
	ProjectSection(ProjectDependencies) = postProject
	EndProjectSection
EndProject
Project("{8BC9CEB8-8B4A-11D0-8D11-00A0C91BC942}") = "SMM_Join_ASF", "Join_ASF\SMM_Join_ASF.vcproj", "{C8BE428A-4853-4152-ACEC-D32DFC15771F}"
	ProjectSection(ProjectDependencies) = postProject
	EndProjectSection
EndProject
Project("{8BC9CEB8-8B4A-11D0-8D11-00A0C91BC942}") = "SMM_Join_AVCHD", "Join_AVCHD\SMM_Join_AVCHD.vcproj", "{C8BE428A-4853-4152-ACEC-D32DFC15771F}"
	ProjectSection(ProjectDependencies) = postProject
	EndProjectSection
EndProject
Project("{8BC9CEB8-8B4A-11D0-8D11-00A0C91BC942}") = "SMM_Join_AVI", "Join_AVI\SMM_Join_AVI.vcproj", "{C8BE428A-4853-4152-ACEC-D32DFC15771F}"
	ProjectSection(ProjectDependencies) = postProject
	EndProjectSection
EndProject
Project("{8BC9CEB8-8B4A-11D0-8D11-00A0C91BC942}") = "SMM_Join_MKV", "Join_MKV\SMM_Join_MKV.vcproj", "{C8BE428A-4853-4152-ACEC-D32DFC15771F}"
	ProjectSection(ProjectDependencies) = postProject
	EndProjectSection
EndProject
Project("{8BC9CEB8-8B4A-11D0-8D11-00A0C91BC942}") = "SMM_Join_MOV", "Join_MOV\SMM_Join_MOV.vcproj", "{C8BE428A-4853-4152-ACEC-D32DFC15771F}"
	ProjectSection(ProjectDependencies) = postProject
	EndProjectSection
EndProject
Project("{8BC9CEB8-8B4A-11D0-8D11-00A0C91BC942}") = "SMM_Join_MP3", "Join_MP3\SMM_Join_MP3.vcproj", "{C8BE428A-4853-4152-ACEC-D32DFC15771F}"
	ProjectSection(ProjectDependencies) = postProject
	EndProjectSection
EndProject
Project("{8BC9CEB8-8B4A-11D0-8D11-00A0C91BC942}") = "SMM_Join_MP4", "Join_MP4\SMM_Join_MP4.vcproj", "{C8BE428A-4853-4152-ACEC-D32DFC15771F}"
	ProjectSection(ProjectDependencies) = postProject
	EndProjectSection
EndProject
Project("{8BC9CEB8-8B4A-11D0-8D11-00A0C91BC942}") = "SMM_Join_MPEG1", "Join_MPEG1\SMM_Join_MPEG1.vcproj", "{C8BE428A-4853-4152-ACEC-D32DFC15771F}"
	ProjectSection(ProjectDependencies) = postProject
	EndProjectSection
EndProject
Project("{8BC9CEB8-8B4A-11D0-8D11-00A0C91BC942}") = "SMM_Join_MPEG2", "Join_MPEG2\SMM_Join_MPEG2.vcproj", "{C8BE428A-4853-4152-ACEC-D32DFC15771F}"
	ProjectSection(ProjectDependencies) = postProject
	EndProjectSection
EndProject
Project("{8BC9CEB8-8B4A-11D0-8D11-00A0C91BC942}") = "SMM_Join_WAV", "Join_WAV\SMM_Join_WAV.vcproj", "{C8BE428A-4853-4152-ACEC-D32DFC15771F}"
	ProjectSection(ProjectDependencies) = postProject
	EndProjectSection
EndProject
Project("{8BC9CEB8-8B4A-11D0-8D11-00A0C91BC942}") = "SMM_Join_WMA", "Join_WMA\SMM_Join_WMA.vcproj", "{C8BE428A-4853-4152-ACEC-D32DFC15771F}"
	ProjectSection(ProjectDependencies) = postProject
	EndProjectSection
EndProject
Project("{8BC9CEB8-8B4A-11D0-8D11-00A0C91BC942}") = "SMM_Mux_ASF", "Mux_ASF\SMM_Mux_ASF.vcproj", "{33E32DA7-4453-481B-A5DE-12E0DD82F73D}"
	ProjectSection(ProjectDependencies) = postProject
	EndProjectSection
EndProject
Project("{8BC9CEB8-8B4A-11D0-8D11-00A0C91BC942}") = "SMM_Mux_MKV", "Mux_MKV\SMM_Mux_MKV.vcproj", "{BF3693B0-603C-4A62-BDAB-ACC601DC3BA3}"
	ProjectSection(ProjectDependencies) = postProject
	EndProjectSection
EndProject
Project("{8BC9CEB8-8B4A-11D0-8D11-00A0C91BC942}") = "SMM_Mux_MOV", "Mux_MOV\SMM_Mux_MOV.vcproj", "{BF3693B0-603C-4A62-BDAB-ACC601DC3BA3}"
	ProjectSection(ProjectDependencies) = postProject
	EndProjectSection
EndProject
Project("{8BC9CEB8-8B4A-11D0-8D11-00A0C91BC942}") = "SMM_Mux_MP4", "Mux_MP4\SMM_Mux_MP4.vcproj", "{BF3693B0-603C-4A62-BDAB-ACC601DC3BA3}"
	ProjectSection(ProjectDependencies) = postProject
	EndProjectSection
EndProject
Global
	GlobalSection(SolutionConfiguration) = preSolution
		Debug = Debug
		Release = Release
	EndGlobalSection
	GlobalSection(ProjectConfiguration) = postSolution
		{4B0D38F2-750A-4E7B-8939-56455A1F3A87}.Debug.ActiveCfg = Debug|Win32
		{4B0D38F2-750A-4E7B-8939-56455A1F3A87}.Debug.Build.0 = Debug|Win32
		{4B0D38F2-750A-4E7B-8939-56455A1F3A87}.Release.ActiveCfg = Release|Win32
		{4B0D38F2-750A-4E7B-8939-56455A1F3A87}.Release.Build.0 = Release|Win32
		{91EB49F9-3A2A-4620-967B-212E95D59BCD}.Debug.ActiveCfg = Debug|Win32
		{91EB49F9-3A2A-4620-967B-212E95D59BCD}.Debug.Build.0 = Debug|Win32
		{91EB49F9-3A2A-4620-967B-212E95D59BCD}.Release.ActiveCfg = Release|Win32
		{91EB49F9-3A2A-4620-967B-212E95D59BCD}.Release.Build.0 = Release|Win32
		{A08D18C5-9D52-4BCB-A661-6B73BD0DCC25}.Debug.ActiveCfg = Debug|Win32
		{A08D18C5-9D52-4BCB-A661-6B73BD0DCC25}.Debug.Build.0 = Debug|Win32
		{A08D18C5-9D52-4BCB-A661-6B73BD0DCC25}.Release.ActiveCfg = Release|Win32
		{A08D18C5-9D52-4BCB-A661-6B73BD0DCC25}.Release.Build.0 = Release|Win32
		{4B0D38F2-750A-4E7B-8939-56455A1F3A87}.Debug.ActiveCfg = Debug|Win32
		{4B0D38F2-750A-4E7B-8939-56455A1F3A87}.Debug.Build.0 = Debug|Win32
		{4B0D38F2-750A-4E7B-8939-56455A1F3A87}.Release.ActiveCfg = Release|Win32
		{4B0D38F2-750A-4E7B-8939-56455A1F3A87}.Release.Build.0 = Release|Win32
		{5150FEE4-D3E4-40B2-927E-F7AB11BDF796}.Debug.ActiveCfg = Debug|Win32
		{5150FEE4-D3E4-40B2-927E-F7AB11BDF796}.Debug.Build.0 = Debug|Win32
		{5150FEE4-D3E4-40B2-927E-F7AB11BDF796}.Release.ActiveCfg = Release|Win32
		{5150FEE4-D3E4-40B2-927E-F7AB11BDF796}.Release.Build.0 = Release|Win32
		{72B3C5A7-1FF5-4B62-A9D5-10B5AD870ABD}.Debug.ActiveCfg = Debug|Win32
		{72B3C5A7-1FF5-4B62-A9D5-10B5AD870ABD}.Debug.Build.0 = Debug|Win32
		{72B3C5A7-1FF5-4B62-A9D5-10B5AD870ABD}.Release.ActiveCfg = Release|Win32
		{72B3C5A7-1FF5-4B62-A9D5-10B5AD870ABD}.Release.Build.0 = Release|Win32
		{5150FEE4-D3E4-40B2-927E-F7AB11BDF796}.Debug.ActiveCfg = Debug|Win32
		{5150FEE4-D3E4-40B2-927E-F7AB11BDF796}.Debug.Build.0 = Debug|Win32
		{5150FEE4-D3E4-40B2-927E-F7AB11BDF796}.Release.ActiveCfg = Release|Win32
		{5150FEE4-D3E4-40B2-927E-F7AB11BDF796}.Release.Build.0 = Release|Win32
		{5150FEE4-D3E4-40B2-927E-F7AB11BDF796}.Debug.ActiveCfg = Debug|Win32
		{5150FEE4-D3E4-40B2-927E-F7AB11BDF796}.Debug.Build.0 = Debug|Win32
		{5150FEE4-D3E4-40B2-927E-F7AB11BDF796}.Release.ActiveCfg = Release|Win32
		{5150FEE4-D3E4-40B2-927E-F7AB11BDF796}.Release.Build.0 = Release|Win32
		{AF5FABCE-110D-4942-AE25-43894EBF0168}.Debug.ActiveCfg = Debug|Win32
		{AF5FABCE-110D-4942-AE25-43894EBF0168}.Debug.Build.0 = Debug|Win32
		{AF5FABCE-110D-4942-AE25-43894EBF0168}.Release.ActiveCfg = Release|Win32
		{AF5FABCE-110D-4942-AE25-43894EBF0168}.Release.Build.0 = Release|Win32
		{72B3C5A7-1FF5-4B62-A9D5-10B5AD870ABD}.Debug.ActiveCfg = Debug|Win32
		{72B3C5A7-1FF5-4B62-A9D5-10B5AD870ABD}.Debug.Build.0 = Debug|Win32
		{72B3C5A7-1FF5-4B62-A9D5-10B5AD870ABD}.Release.ActiveCfg = Release|Win32
		{72B3C5A7-1FF5-4B62-A9D5-10B5AD870ABD}.Release.Build.0 = Release|Win32
		{72B3C5A7-1FF5-4B62-A9D5-10B5AD870ABD}.Debug.ActiveCfg = Debug|Win32
		{72B3C5A7-1FF5-4B62-A9D5-10B5AD870ABD}.Debug.Build.0 = Debug|Win32
		{72B3C5A7-1FF5-4B62-A9D5-10B5AD870ABD}.Release.ActiveCfg = Release|Win32
		{72B3C5A7-1FF5-4B62-A9D5-10B5AD870ABD}.Release.Build.0 = Release|Win32
		{72B3C5A7-1FF5-4B62-A9D5-10B5AD870ABD}.Debug.ActiveCfg = Debug|Win32
		{72B3C5A7-1FF5-4B62-A9D5-10B5AD870ABD}.Debug.Build.0 = Debug|Win32
		{72B3C5A7-1FF5-4B62-A9D5-10B5AD870ABD}.Release.ActiveCfg = Release|Win32
		{72B3C5A7-1FF5-4B62-A9D5-10B5AD870ABD}.Release.Build.0 = Release|Win32
		{AF5FABCE-110D-4942-AE25-43894EBF0168}.Debug.ActiveCfg = Debug|Win32
		{AF5FABCE-110D-4942-AE25-43894EBF0168}.Debug.Build.0 = Debug|Win32
		{AF5FABCE-110D-4942-AE25-43894EBF0168}.Release.ActiveCfg = Release|Win32
		{AF5FABCE-110D-4942-AE25-43894EBF0168}.Release.Build.0 = Release|Win32
		{AF5FABCE-110D-4942-AE25-43894EBF0168}.Debug.ActiveCfg = Debug|Win32
		{AF5FABCE-110D-4942-AE25-43894EBF0168}.Debug.Build.0 = Debug|Win32
		{AF5FABCE-110D-4942-AE25-43894EBF0168}.Release.ActiveCfg = Release|Win32
		{AF5FABCE-110D-4942-AE25-43894EBF0168}.Release.Build.0 = Release|Win32
		{72B3C5A7-1FF5-4B62-A9D5-10B5AD870ABD}.Debug.ActiveCfg = Debug|Win32
		{72B3C5A7-1FF5-4B62-A9D5-10B5AD870ABD}.Debug.Build.0 = Debug|Win32
		{72B3C5A7-1FF5-4B62-A9D5-10B5AD870ABD}.Release.ActiveCfg = Release|Win32
		{72B3C5A7-1FF5-4B62-A9D5-10B5AD870ABD}.Release.Build.0 = Release|Win32
		{C8BE428A-4853-4152-ACEC-D32DFC15771F}.Debug.ActiveCfg = Debug|Win32
		{C8BE428A-4853-4152-ACEC-D32DFC15771F}.Debug.Build.0 = Debug|Win32
		{C8BE428A-4853-4152-ACEC-D32DFC15771F}.Release.ActiveCfg = Release|Win32
		{C8BE428A-4853-4152-ACEC-D32DFC15771F}.Release.Build.0 = Release|Win32
		{C8BE428A-4853-4152-ACEC-D32DFC15771F}.Debug.ActiveCfg = Debug|Win32
		{C8BE428A-4853-4152-ACEC-D32DFC15771F}.Debug.Build.0 = Debug|Win32
		{C8BE428A-4853-4152-ACEC-D32DFC15771F}.Release.ActiveCfg = Release|Win32
		{C8BE428A-4853-4152-ACEC-D32DFC15771F}.Release.Build.0 = Release|Win32
		{C8BE428A-4853-4152-ACEC-D32DFC15771F}.Debug.ActiveCfg = Debug|Win32
		{C8BE428A-4853-4152-ACEC-D32DFC15771F}.Debug.Build.0 = Debug|Win32
		{C8BE428A-4853-4152-ACEC-D32DFC15771F}.Release.ActiveCfg = Release|Win32
		{C8BE428A-4853-4152-ACEC-D32DFC15771F}.Release.Build.0 = Release|Win32
		{C8BE428A-4853-4152-ACEC-D32DFC15771F}.Debug.ActiveCfg = Debug|Win32
		{C8BE428A-4853-4152-ACEC-D32DFC15771F}.Debug.Build.0 = Debug|Win32
		{C8BE428A-4853-4152-ACEC-D32DFC15771F}.Release.ActiveCfg = Release|Win32
		{C8BE428A-4853-4152-ACEC-D32DFC15771F}.Release.Build.0 = Release|Win32
		{C8BE428A-4853-4152-ACEC-D32DFC15771F}.Debug.ActiveCfg = Debug|Win32
		{C8BE428A-4853-4152-ACEC-D32DFC15771F}.Debug.Build.0 = Debug|Win32
		{C8BE428A-4853-4152-ACEC-D32DFC15771F}.Release.ActiveCfg = Release|Win32
		{C8BE428A-4853-4152-ACEC-D32DFC15771F}.Release.Build.0 = Release|Win32
		{C8BE428A-4853-4152-ACEC-D32DFC15771F}.Debug.ActiveCfg = Debug|Win32
		{C8BE428A-4853-4152-ACEC-D32DFC15771F}.Debug.Build.0 = Debug|Win32
		{C8BE428A-4853-4152-ACEC-D32DFC15771F}.Release.ActiveCfg = Release|Win32
		{C8BE428A-4853-4152-ACEC-D32DFC15771F}.Release.Build.0 = Release|Win32
		{C8BE428A-4853-4152-ACEC-D32DFC15771F}.Debug.ActiveCfg = Debug|Win32
		{C8BE428A-4853-4152-ACEC-D32DFC15771F}.Debug.Build.0 = Debug|Win32
		{C8BE428A-4853-4152-ACEC-D32DFC15771F}.Release.ActiveCfg = Release|Win32
		{C8BE428A-4853-4152-ACEC-D32DFC15771F}.Release.Build.0 = Release|Win32
		{C8BE428A-4853-4152-ACEC-D32DFC15771F}.Debug.ActiveCfg = Debug|Win32
		{C8BE428A-4853-4152-ACEC-D32DFC15771F}.Debug.Build.0 = Debug|Win32
		{C8BE428A-4853-4152-ACEC-D32DFC15771F}.Release.ActiveCfg = Release|Win32
		{C8BE428A-4853-4152-ACEC-D32DFC15771F}.Release.Build.0 = Release|Win32
		{C8BE428A-4853-4152-ACEC-D32DFC15771F}.Debug.ActiveCfg = Debug|Win32
		{C8BE428A-4853-4152-ACEC-D32DFC15771F}.Debug.Build.0 = Debug|Win32
		{C8BE428A-4853-4152-ACEC-D32DFC15771F}.Release.ActiveCfg = Release|Win32
		{C8BE428A-4853-4152-ACEC-D32DFC15771F}.Release.Build.0 = Release|Win32
		{C8BE428A-4853-4152-ACEC-D32DFC15771F}.Debug.ActiveCfg = Debug|Win32
		{C8BE428A-4853-4152-ACEC-D32DFC15771F}.Debug.Build.0 = Debug|Win32
		{C8BE428A-4853-4152-ACEC-D32DFC15771F}.Release.ActiveCfg = Release|Win32
		{C8BE428A-4853-4152-ACEC-D32DFC15771F}.Release.Build.0 = Release|Win32
		{C8BE428A-4853-4152-ACEC-D32DFC15771F}.Debug.ActiveCfg = Debug|Win32
		{C8BE428A-4853-4152-ACEC-D32DFC15771F}.Debug.Build.0 = Debug|Win32
		{C8BE428A-4853-4152-ACEC-D32DFC15771F}.Release.ActiveCfg = Release|Win32
		{C8BE428A-4853-4152-ACEC-D32DFC15771F}.Release.Build.0 = Release|Win32
		{33E32DA7-4453-481B-A5DE-12E0DD82F73D}.Debug.ActiveCfg = Debug|Win32
		{33E32DA7-4453-481B-A5DE-12E0DD82F73D}.Debug.Build.0 = Debug|Win32
		{33E32DA7-4453-481B-A5DE-12E0DD82F73D}.Release.ActiveCfg = Release|Win32
		{33E32DA7-4453-481B-A5DE-12E0DD82F73D}.Release.Build.0 = Release|Win32
		{BF3693B0-603C-4A62-BDAB-ACC601DC3BA3}.Debug.ActiveCfg = Debug|Win32
		{BF3693B0-603C-4A62-BDAB-ACC601DC3BA3}.Debug.Build.0 = Debug|Win32
		{BF3693B0-603C-4A62-BDAB-ACC601DC3BA3}.Release.ActiveCfg = Release|Win32
		{BF3693B0-603C-4A62-BDAB-ACC601DC3BA3}.Release.Build.0 = Release|Win32
		{BF3693B0-603C-4A62-BDAB-ACC601DC3BA3}.Debug.ActiveCfg = Debug|Win32
		{BF3693B0-603C-4A62-BDAB-ACC601DC3BA3}.Debug.Build.0 = Debug|Win32
		{BF3693B0-603C-4A62-BDAB-ACC601DC3BA3}.Release.ActiveCfg = Release|Win32
		{BF3693B0-603C-4A62-BDAB-ACC601DC3BA3}.Release.Build.0 = Release|Win32
		{BF3693B0-603C-4A62-BDAB-ACC601DC3BA3}.Debug.ActiveCfg = Debug|Win32
		{BF3693B0-603C-4A62-BDAB-ACC601DC3BA3}.Debug.Build.0 = Debug|Win32
		{BF3693B0-603C-4A62-BDAB-ACC601DC3BA3}.Release.ActiveCfg = Release|Win32
		{BF3693B0-603C-4A62-BDAB-ACC601DC3BA3}.Release.Build.0 = Release|Win32
	EndGlobalSection
	GlobalSection(ExtensibilityGlobals) = postSolution
	EndGlobalSection
	GlobalSection(ExtensibilityAddIns) = postSolution
	EndGlobalSection
EndGlobal
