Microsoft Visual Studio Solution File, Format Version 10.00
# Visual Studio 2008
Project("{8BC9CEB8-8B4A-11D0-8D11-00A0C91BC942}") = "SMM_ASFMarkers", "ASFMarkers\ASFMarkersVS2008.vcproj", "{06D1D214-B478-4EF9-86AD-20132F51012F}"
EndProject
Project("{8BC9CEB8-8B4A-11D0-8D11-00A0C91BC942}") = "SMM_BatchSplitter_App", "BatchSplit\BatchSplitVS2008.vcproj", "{4B0D38F2-750A-4E7B-8939-56455A1F3A87}"
EndProject
Project("{8BC9CEB8-8B4A-11D0-8D11-00A0C91BC942}") = "SMM_BmpToAvi", "BMPToAVIdll\BmpToAviVS2008.vcproj", "{91EB49F9-3A2A-4620-967B-212E95D59BCD}"
EndProject
Project("{8BC9CEB8-8B4A-11D0-8D11-00A0C91BC942}") = "SMM_DShowAVITrim", "DShowTrim\DShowTrimVS2008.vcproj", "{A08D18C5-9D52-4BCB-A661-6B73BD0DCC25}"
EndProject
Project("{8BC9CEB8-8B4A-11D0-8D11-00A0C91BC942}") = "SMM_Trim_ASF", "Trim_ASF\SMM_Trim_ASFVS2008.vcproj", "{5150FEE4-D3E4-40B2-927E-F7AB11BDF796}"
EndProject
Project("{8BC9CEB8-8B4A-11D0-8D11-00A0C91BC942}") = "SMM_Trim_AVCHD", "Trim_AVCHD\SMM_Trim_AVCHDVS2008.vcproj", "{ACA634CC-7120-4DA4-B1A8-F7396A87B7DE}"
EndProject
Project("{8BC9CEB8-8B4A-11D0-8D11-00A0C91BC942}") = "SMM_Trim_AVI", "Trim_AVI\SMM_Trim_AVIVS2008.vcproj", "{2476C5A5-B3D7-41A5-9174-5069FBA13CE9}"
EndProject
Project("{8BC9CEB8-8B4A-11D0-8D11-00A0C91BC942}") = "SMM_Trim_MKV", "Trim_MKV\SMM_Trim_MKVVS2008.vcproj", "{3A961F47-CE76-411B-8B2B-97EEE1372077}"
EndProject
Project("{8BC9CEB8-8B4A-11D0-8D11-00A0C91BC942}") = "SMM_Trim_MP3", "Trim_MP3\SMM_Trim_MP3VS2008.vcproj", "{AF5FABCE-110D-4942-AE25-43894EBF0168}"
EndProject
Project("{8BC9CEB8-8B4A-11D0-8D11-00A0C91BC942}") = "SMM_Trim_MP4", "Trim_MP4\SMM_Trim_MP4VS2008.vcproj", "{166EB9AF-C8F2-4D62-B9F1-85E9A2AEF17F}"
EndProject
Project("{8BC9CEB8-8B4A-11D0-8D11-00A0C91BC942}") = "SMM_Trim_MPEG1", "Trim_MPEG1\SMM_Trim_MPEG1VS2008.vcproj", "{72B3C5A7-1FF5-4B62-A9D5-10B5AD870ABD}"
EndProject
Project("{8BC9CEB8-8B4A-11D0-8D11-00A0C91BC942}") = "SMM_Trim_MPEG2", "Trim_MPEG2\SMM_Trim_MPEG2VS2008.vcproj", "{648200D1-4DD6-4708-824F-2E89F62DC47A}"
EndProject
Project("{8BC9CEB8-8B4A-11D0-8D11-00A0C91BC942}") = "SMM_Trim_WMA", "Trim_WMA\SMM_Trim_WMAVS2008.vcproj", "{14652BF0-6965-4B4F-8930-5F2A3B40C83F}"
EndProject
Project("{8BC9CEB8-8B4A-11D0-8D11-00A0C91BC942}") = "SMM_Trim_WAV", "Trim_WAV\SMM_Trim_WAVVS2008.vcproj", "{341AAF98-3407-4612-9276-CFEA1DCFEA07}"
EndProject
Project("{8BC9CEB8-8B4A-11D0-8D11-00A0C91BC942}") = "SMM_Trim_MOV", "Trim_MOV\SMM_Trim_MOVVS2008.vcproj", "{B9C81BD9-374B-49CC-96D7-5AC4203F5910}"
EndProject
Project("{8BC9CEB8-8B4A-11D0-8D11-00A0C91BC942}") = "SMM_Join_ASF", "Join_ASF\SMM_Join_ASFVS2008.vcproj", "{C8BE428A-4853-4152-ACEC-D32DFC15771F}"
EndProject
Project("{8BC9CEB8-8B4A-11D0-8D11-00A0C91BC942}") = "SMM_Join_AVCHD", "Join_AVCHD\SMM_Join_AVCHDVS2008.vcproj", "{98C939BB-3BA2-4B7B-8C02-A5CDD2F28191}"
EndProject
Project("{8BC9CEB8-8B4A-11D0-8D11-00A0C91BC942}") = "SMM_Join_AVI", "Join_AVI\SMM_Join_AVIVS2008.vcproj", "{6A2BA33A-F4D5-45C9-A5C0-45428827D575}"
EndProject
Project("{8BC9CEB8-8B4A-11D0-8D11-00A0C91BC942}") = "SMM_Join_MKV", "Join_MKV\SMM_Join_MKVVS2008.vcproj", "{9F9D7375-A695-4AD1-9A9C-E4ED61C5FB4A}"
EndProject
Project("{8BC9CEB8-8B4A-11D0-8D11-00A0C91BC942}") = "SMM_Join_MOV", "Join_MOV\SMM_Join_MOVVS2008.vcproj", "{D4F448D4-99DC-4007-944B-5C0C28E437C6}"
EndProject
Project("{8BC9CEB8-8B4A-11D0-8D11-00A0C91BC942}") = "SMM_Join_MP3", "Join_MP3\SMM_Join_MP3VS2008.vcproj", "{685D3A63-9C19-49F7-9965-70ED28524A78}"
EndProject
Project("{8BC9CEB8-8B4A-11D0-8D11-00A0C91BC942}") = "SMM_Join_MP4", "Join_MP4\SMM_Join_MP4VS2008.vcproj", "{4FB41BE3-2DF5-44CF-BDA5-6DDFF6D6102D}"
EndProject
Project("{8BC9CEB8-8B4A-11D0-8D11-00A0C91BC942}") = "SMM_Join_MPEG1", "Join_MPEG1\SMM_Join_MPEG1VS2008.vcproj", "{C8ACE2B1-1478-457F-BE11-30E5D1F2B5FB}"
EndProject
Project("{8BC9CEB8-8B4A-11D0-8D11-00A0C91BC942}") = "SMM_Join_MPEG2", "Join_MPEG2\SMM_Join_MPEG2VS2008.vcproj", "{44836983-B2A4-4112-8B52-2528F5A2C8B0}"
EndProject
Project("{8BC9CEB8-8B4A-11D0-8D11-00A0C91BC942}") = "SMM_Join_WAV", "Join_WAV\SMM_Join_WAVVS2008.vcproj", "{17F99706-6134-4475-BCA0-70CE0804E70B}"
EndProject
Project("{8BC9CEB8-8B4A-11D0-8D11-00A0C91BC942}") = "SMM_Join_WMA", "Join_WMA\SMM_Join_WMAVS2008.vcproj", "{96BCF29E-DFE8-47DE-ACA5-C9FAF282A0B6}"
EndProject
Project("{8BC9CEB8-8B4A-11D0-8D11-00A0C91BC942}") = "SMM_Mux_ASF", "Mux_ASF\SMM_Mux_ASFVS2008.vcproj", "{33E32DA7-4453-481B-A5DE-12E0DD82F73D}"
EndProject
Project("{8BC9CEB8-8B4A-11D0-8D11-00A0C91BC942}") = "SMM_Mux_MKV", "Mux_MKV\SMM_Mux_MKVVS2008.vcproj", "{BF3693B0-603C-4A62-BDAB-ACC601DC3BA3}"
EndProject
Project("{8BC9CEB8-8B4A-11D0-8D11-00A0C91BC942}") = "SMM_Mux_MOV", "Mux_MOV\SMM_Mux_MOVVS2008.vcproj", "{F5DC5770-B947-483B-B135-85F23FEDB8E9}"
EndProject
Project("{8BC9CEB8-8B4A-11D0-8D11-00A0C91BC942}") = "SMM_Mux_MP4", "Mux_MP4\SMM_Mux_MP4VS2008.vcproj", "{F01EE189-18E5-4BAC-B51B-0DF846ABA3F4}"
EndProject
Global
	GlobalSection(SolutionConfigurationPlatforms) = preSolution
		Debug|Win32 = Debug|Win32
		Release|Win32 = Release|Win32
	EndGlobalSection
	GlobalSection(ProjectConfigurationPlatforms) = postSolution
		{06D1D214-B478-4EF9-86AD-20132F51012F}.Debug|Win32.ActiveCfg = Debug|Win32
		{06D1D214-B478-4EF9-86AD-20132F51012F}.Debug|Win32.Build.0 = Debug|Win32
		{06D1D214-B478-4EF9-86AD-20132F51012F}.Release|Win32.ActiveCfg = Release|Win32
		{06D1D214-B478-4EF9-86AD-20132F51012F}.Release|Win32.Build.0 = Release|Win32
		{4B0D38F2-750A-4E7B-8939-56455A1F3A87}.Debug|Win32.ActiveCfg = Debug|Win32
		{4B0D38F2-750A-4E7B-8939-56455A1F3A87}.Debug|Win32.Build.0 = Debug|Win32
		{4B0D38F2-750A-4E7B-8939-56455A1F3A87}.Release|Win32.ActiveCfg = Release|Win32
		{4B0D38F2-750A-4E7B-8939-56455A1F3A87}.Release|Win32.Build.0 = Release|Win32
		{91EB49F9-3A2A-4620-967B-212E95D59BCD}.Debug|Win32.ActiveCfg = Debug|Win32
		{91EB49F9-3A2A-4620-967B-212E95D59BCD}.Debug|Win32.Build.0 = Debug|Win32
		{91EB49F9-3A2A-4620-967B-212E95D59BCD}.Release|Win32.ActiveCfg = Release|Win32
		{91EB49F9-3A2A-4620-967B-212E95D59BCD}.Release|Win32.Build.0 = Release|Win32
		{A08D18C5-9D52-4BCB-A661-6B73BD0DCC25}.Debug|Win32.ActiveCfg = Debug|Win32
		{A08D18C5-9D52-4BCB-A661-6B73BD0DCC25}.Debug|Win32.Build.0 = Debug|Win32
		{A08D18C5-9D52-4BCB-A661-6B73BD0DCC25}.Release|Win32.ActiveCfg = Release|Win32
		{A08D18C5-9D52-4BCB-A661-6B73BD0DCC25}.Release|Win32.Build.0 = Release|Win32
		{5150FEE4-D3E4-40B2-927E-F7AB11BDF796}.Debug|Win32.ActiveCfg = Debug|Win32
		{5150FEE4-D3E4-40B2-927E-F7AB11BDF796}.Debug|Win32.Build.0 = Debug|Win32
		{5150FEE4-D3E4-40B2-927E-F7AB11BDF796}.Release|Win32.ActiveCfg = Release|Win32
		{5150FEE4-D3E4-40B2-927E-F7AB11BDF796}.Release|Win32.Build.0 = Release|Win32
		{ACA634CC-7120-4DA4-B1A8-F7396A87B7DE}.Debug|Win32.ActiveCfg = Debug|Win32
		{ACA634CC-7120-4DA4-B1A8-F7396A87B7DE}.Debug|Win32.Build.0 = Debug|Win32
		{ACA634CC-7120-4DA4-B1A8-F7396A87B7DE}.Release|Win32.ActiveCfg = Release|Win32
		{ACA634CC-7120-4DA4-B1A8-F7396A87B7DE}.Release|Win32.Build.0 = Release|Win32
		{2476C5A5-B3D7-41A5-9174-5069FBA13CE9}.Debug|Win32.ActiveCfg = Debug|Win32
		{2476C5A5-B3D7-41A5-9174-5069FBA13CE9}.Debug|Win32.Build.0 = Debug|Win32
		{2476C5A5-B3D7-41A5-9174-5069FBA13CE9}.Release|Win32.ActiveCfg = Release|Win32
		{2476C5A5-B3D7-41A5-9174-5069FBA13CE9}.Release|Win32.Build.0 = Release|Win32
		{3A961F47-CE76-411B-8B2B-97EEE1372077}.Debug|Win32.ActiveCfg = Debug|Win32
		{3A961F47-CE76-411B-8B2B-97EEE1372077}.Debug|Win32.Build.0 = Debug|Win32
		{3A961F47-CE76-411B-8B2B-97EEE1372077}.Release|Win32.ActiveCfg = Release|Win32
		{3A961F47-CE76-411B-8B2B-97EEE1372077}.Release|Win32.Build.0 = Release|Win32
		{AF5FABCE-110D-4942-AE25-43894EBF0168}.Debug|Win32.ActiveCfg = Debug|Win32
		{AF5FABCE-110D-4942-AE25-43894EBF0168}.Debug|Win32.Build.0 = Debug|Win32
		{AF5FABCE-110D-4942-AE25-43894EBF0168}.Release|Win32.ActiveCfg = Release|Win32
		{AF5FABCE-110D-4942-AE25-43894EBF0168}.Release|Win32.Build.0 = Release|Win32
		{166EB9AF-C8F2-4D62-B9F1-85E9A2AEF17F}.Debug|Win32.ActiveCfg = Debug|Win32
		{166EB9AF-C8F2-4D62-B9F1-85E9A2AEF17F}.Debug|Win32.Build.0 = Debug|Win32
		{166EB9AF-C8F2-4D62-B9F1-85E9A2AEF17F}.Release|Win32.ActiveCfg = Release|Win32
		{166EB9AF-C8F2-4D62-B9F1-85E9A2AEF17F}.Release|Win32.Build.0 = Release|Win32
		{72B3C5A7-1FF5-4B62-A9D5-10B5AD870ABD}.Debug|Win32.ActiveCfg = Debug|Win32
		{72B3C5A7-1FF5-4B62-A9D5-10B5AD870ABD}.Debug|Win32.Build.0 = Debug|Win32
		{72B3C5A7-1FF5-4B62-A9D5-10B5AD870ABD}.Release|Win32.ActiveCfg = Release|Win32
		{72B3C5A7-1FF5-4B62-A9D5-10B5AD870ABD}.Release|Win32.Build.0 = Release|Win32
		{648200D1-4DD6-4708-824F-2E89F62DC47A}.Debug|Win32.ActiveCfg = Debug|Win32
		{648200D1-4DD6-4708-824F-2E89F62DC47A}.Debug|Win32.Build.0 = Debug|Win32
		{648200D1-4DD6-4708-824F-2E89F62DC47A}.Release|Win32.ActiveCfg = Release|Win32
		{648200D1-4DD6-4708-824F-2E89F62DC47A}.Release|Win32.Build.0 = Release|Win32
		{14652BF0-6965-4B4F-8930-5F2A3B40C83F}.Debug|Win32.ActiveCfg = Debug|Win32
		{14652BF0-6965-4B4F-8930-5F2A3B40C83F}.Debug|Win32.Build.0 = Debug|Win32
		{14652BF0-6965-4B4F-8930-5F2A3B40C83F}.Release|Win32.ActiveCfg = Release|Win32
		{14652BF0-6965-4B4F-8930-5F2A3B40C83F}.Release|Win32.Build.0 = Release|Win32
		{341AAF98-3407-4612-9276-CFEA1DCFEA07}.Debug|Win32.ActiveCfg = Debug|Win32
		{341AAF98-3407-4612-9276-CFEA1DCFEA07}.Debug|Win32.Build.0 = Debug|Win32
		{341AAF98-3407-4612-9276-CFEA1DCFEA07}.Release|Win32.ActiveCfg = Release|Win32
		{341AAF98-3407-4612-9276-CFEA1DCFEA07}.Release|Win32.Build.0 = Release|Win32
		{B9C81BD9-374B-49CC-96D7-5AC4203F5910}.Debug|Win32.ActiveCfg = Debug|Win32
		{B9C81BD9-374B-49CC-96D7-5AC4203F5910}.Debug|Win32.Build.0 = Debug|Win32
		{B9C81BD9-374B-49CC-96D7-5AC4203F5910}.Release|Win32.ActiveCfg = Release|Win32
		{B9C81BD9-374B-49CC-96D7-5AC4203F5910}.Release|Win32.Build.0 = Release|Win32
		{C8BE428A-4853-4152-ACEC-D32DFC15771F}.Debug|Win32.ActiveCfg = Debug|Win32
		{C8BE428A-4853-4152-ACEC-D32DFC15771F}.Debug|Win32.Build.0 = Debug|Win32
		{C8BE428A-4853-4152-ACEC-D32DFC15771F}.Release|Win32.ActiveCfg = Release|Win32
		{C8BE428A-4853-4152-ACEC-D32DFC15771F}.Release|Win32.Build.0 = Release|Win32
		{98C939BB-3BA2-4B7B-8C02-A5CDD2F28191}.Debug|Win32.ActiveCfg = Debug|Win32
		{98C939BB-3BA2-4B7B-8C02-A5CDD2F28191}.Debug|Win32.Build.0 = Debug|Win32
		{98C939BB-3BA2-4B7B-8C02-A5CDD2F28191}.Release|Win32.ActiveCfg = Release|Win32
		{98C939BB-3BA2-4B7B-8C02-A5CDD2F28191}.Release|Win32.Build.0 = Release|Win32
		{6A2BA33A-F4D5-45C9-A5C0-45428827D575}.Debug|Win32.ActiveCfg = Debug|Win32
		{6A2BA33A-F4D5-45C9-A5C0-45428827D575}.Debug|Win32.Build.0 = Debug|Win32
		{6A2BA33A-F4D5-45C9-A5C0-45428827D575}.Release|Win32.ActiveCfg = Release|Win32
		{6A2BA33A-F4D5-45C9-A5C0-45428827D575}.Release|Win32.Build.0 = Release|Win32
		{9F9D7375-A695-4AD1-9A9C-E4ED61C5FB4A}.Debug|Win32.ActiveCfg = Debug|Win32
		{9F9D7375-A695-4AD1-9A9C-E4ED61C5FB4A}.Debug|Win32.Build.0 = Debug|Win32
		{9F9D7375-A695-4AD1-9A9C-E4ED61C5FB4A}.Release|Win32.ActiveCfg = Release|Win32
		{9F9D7375-A695-4AD1-9A9C-E4ED61C5FB4A}.Release|Win32.Build.0 = Release|Win32
		{D4F448D4-99DC-4007-944B-5C0C28E437C6}.Debug|Win32.ActiveCfg = Debug|Win32
		{D4F448D4-99DC-4007-944B-5C0C28E437C6}.Debug|Win32.Build.0 = Debug|Win32
		{D4F448D4-99DC-4007-944B-5C0C28E437C6}.Release|Win32.ActiveCfg = Release|Win32
		{D4F448D4-99DC-4007-944B-5C0C28E437C6}.Release|Win32.Build.0 = Release|Win32
		{685D3A63-9C19-49F7-9965-70ED28524A78}.Debug|Win32.ActiveCfg = Debug|Win32
		{685D3A63-9C19-49F7-9965-70ED28524A78}.Debug|Win32.Build.0 = Debug|Win32
		{685D3A63-9C19-49F7-9965-70ED28524A78}.Release|Win32.ActiveCfg = Release|Win32
		{685D3A63-9C19-49F7-9965-70ED28524A78}.Release|Win32.Build.0 = Release|Win32
		{4FB41BE3-2DF5-44CF-BDA5-6DDFF6D6102D}.Debug|Win32.ActiveCfg = Debug|Win32
		{4FB41BE3-2DF5-44CF-BDA5-6DDFF6D6102D}.Debug|Win32.Build.0 = Debug|Win32
		{4FB41BE3-2DF5-44CF-BDA5-6DDFF6D6102D}.Release|Win32.ActiveCfg = Release|Win32
		{4FB41BE3-2DF5-44CF-BDA5-6DDFF6D6102D}.Release|Win32.Build.0 = Release|Win32
		{C8ACE2B1-1478-457F-BE11-30E5D1F2B5FB}.Debug|Win32.ActiveCfg = Debug|Win32
		{C8ACE2B1-1478-457F-BE11-30E5D1F2B5FB}.Debug|Win32.Build.0 = Debug|Win32
		{C8ACE2B1-1478-457F-BE11-30E5D1F2B5FB}.Release|Win32.ActiveCfg = Release|Win32
		{C8ACE2B1-1478-457F-BE11-30E5D1F2B5FB}.Release|Win32.Build.0 = Release|Win32
		{44836983-B2A4-4112-8B52-2528F5A2C8B0}.Debug|Win32.ActiveCfg = Debug|Win32
		{44836983-B2A4-4112-8B52-2528F5A2C8B0}.Debug|Win32.Build.0 = Debug|Win32
		{44836983-B2A4-4112-8B52-2528F5A2C8B0}.Release|Win32.ActiveCfg = Release|Win32
		{44836983-B2A4-4112-8B52-2528F5A2C8B0}.Release|Win32.Build.0 = Release|Win32
		{17F99706-6134-4475-BCA0-70CE0804E70B}.Debug|Win32.ActiveCfg = Debug|Win32
		{17F99706-6134-4475-BCA0-70CE0804E70B}.Debug|Win32.Build.0 = Debug|Win32
		{17F99706-6134-4475-BCA0-70CE0804E70B}.Release|Win32.ActiveCfg = Release|Win32
		{17F99706-6134-4475-BCA0-70CE0804E70B}.Release|Win32.Build.0 = Release|Win32
		{96BCF29E-DFE8-47DE-ACA5-C9FAF282A0B6}.Debug|Win32.ActiveCfg = Debug|Win32
		{96BCF29E-DFE8-47DE-ACA5-C9FAF282A0B6}.Debug|Win32.Build.0 = Debug|Win32
		{96BCF29E-DFE8-47DE-ACA5-C9FAF282A0B6}.Release|Win32.ActiveCfg = Release|Win32
		{96BCF29E-DFE8-47DE-ACA5-C9FAF282A0B6}.Release|Win32.Build.0 = Release|Win32
		{33E32DA7-4453-481B-A5DE-12E0DD82F73D}.Debug|Win32.ActiveCfg = Debug|Win32
		{33E32DA7-4453-481B-A5DE-12E0DD82F73D}.Debug|Win32.Build.0 = Debug|Win32
		{33E32DA7-4453-481B-A5DE-12E0DD82F73D}.Release|Win32.ActiveCfg = Release|Win32
		{33E32DA7-4453-481B-A5DE-12E0DD82F73D}.Release|Win32.Build.0 = Release|Win32
		{BF3693B0-603C-4A62-BDAB-ACC601DC3BA3}.Debug|Win32.ActiveCfg = Debug|Win32
		{BF3693B0-603C-4A62-BDAB-ACC601DC3BA3}.Debug|Win32.Build.0 = Debug|Win32
		{BF3693B0-603C-4A62-BDAB-ACC601DC3BA3}.Release|Win32.ActiveCfg = Release|Win32
		{BF3693B0-603C-4A62-BDAB-ACC601DC3BA3}.Release|Win32.Build.0 = Release|Win32
		{F5DC5770-B947-483B-B135-85F23FEDB8E9}.Debug|Win32.ActiveCfg = Debug|Win32
		{F5DC5770-B947-483B-B135-85F23FEDB8E9}.Debug|Win32.Build.0 = Debug|Win32
		{F5DC5770-B947-483B-B135-85F23FEDB8E9}.Release|Win32.ActiveCfg = Release|Win32
		{F5DC5770-B947-483B-B135-85F23FEDB8E9}.Release|Win32.Build.0 = Release|Win32
		{F01EE189-18E5-4BAC-B51B-0DF846ABA3F4}.Debug|Win32.ActiveCfg = Debug|Win32
		{F01EE189-18E5-4BAC-B51B-0DF846ABA3F4}.Debug|Win32.Build.0 = Debug|Win32
		{F01EE189-18E5-4BAC-B51B-0DF846ABA3F4}.Release|Win32.ActiveCfg = Release|Win32
		{F01EE189-18E5-4BAC-B51B-0DF846ABA3F4}.Release|Win32.Build.0 = Release|Win32
	EndGlobalSection
	GlobalSection(SolutionProperties) = preSolution
		HideSolutionNode = FALSE
	EndGlobalSection
EndGlobal
