Microsoft Visual Studio Solution File, Format Version 8.00
Project("{F184B08F-C81C-45F6-A57F-5ABD9991F28F}") = "SMM_Trim_MP3.vbw", "SMM_Trim_MP3.vbw.vbproj", "{E5EABE43-F4DC-42F6-BE2D-2A355A8E8623}"
	ProjectSection(ProjectDependencies) = postProject
	EndProjectSection
	ProjectSection(ProjectDependencies) = postProject
	EndProjectSection
EndProject
Global
	GlobalSection(SolutionConfiguration) = preSolution
		Debug = Debug
		Release = Release
	EndGlobalSection
	GlobalSection(ProjectConfiguration) = postSolution
		{E5EABE43-F4DC-42F6-BE2D-2A355A8E8623}.Debug.ActiveCfg = Debug|.NET
		{E5EABE43-F4DC-42F6-BE2D-2A355A8E8623}.Debug.Build.0 = Debug|.NET
		{E5EABE43-F4DC-42F6-BE2D-2A355A8E8623}.Release.ActiveCfg = Release|.NET
		{E5EABE43-F4DC-42F6-BE2D-2A355A8E8623}.Release.Build.0 = Release|.NET
	EndGlobalSection
	GlobalSection(ExtensibilityGlobals) = postSolution
	EndGlobalSection
	GlobalSection(ExtensibilityAddIns) = postSolution
	EndGlobalSection
EndGlobal
